
Microsoft Visual Studio Solution File, Format Version 11.00
# Visual Studio 2010
Project("{FAE04EC0-301F-11D3-BF4B-00C04F79EFBC}") = "GameAssembley", "GameAssembley.csproj", "{9624dee2-d165-01aa-6aa3-679a117a94d5}"
EndProject
Project("{FAE04EC0-301F-11D3-BF4B-00C04F79EFBC}") = "Tests", "Tests.csproj", "{c3049223-7e81-96ce-e5f0-d9ec7a040204}"
EndProject
Global
	GlobalSection(SolutionConfigurationPlatforms) = preSolution
		Debug|Any CPU = Debug|Any CPU
	EndGlobalSection
	GlobalSection(ProjectConfigurationPlatforms) = postSolution
		{9624dee2-d165-01aa-6aa3-679a117a94d5}.Debug|Any CPU.ActiveCfg = Debug|Any CPU
		{9624dee2-d165-01aa-6aa3-679a117a94d5}.Debug|Any CPU.Build.0 = Debug|Any CPU
		{c3049223-7e81-96ce-e5f0-d9ec7a040204}.Debug|Any CPU.ActiveCfg = Debug|Any CPU
		{c3049223-7e81-96ce-e5f0-d9ec7a040204}.Debug|Any CPU.Build.0 = Debug|Any CPU
	EndGlobalSection
	GlobalSection(SolutionProperties) = preSolution
		HideSolutionNode = FALSE
	EndGlobalSection
EndGlobal
